{
  "requires": true,
  "lockfileVersion": 1,
  "dependencies": {
    "@types/gapi": {
      "version": "0.0.35",
      "resolved": "https://registry.npmjs.org/@types/gapi/-/gapi-0.0.35.tgz",
      "integrity": "sha512-6E+WHil3a2+ZQXxa+2Fg9WMi1SwVx9KXT3P/7VmfTwK9Uqw2F+TQ97Ig2yJ7cOa0fUEk4qgdQNKP4rzKZfNMOQ=="
    },
    "@types/gapi.auth2": {
      "version": "0.0.44",
      "resolved": "https://registry.npmjs.org/@types/gapi.auth2/-/gapi.auth2-0.0.44.tgz",
      "integrity": "sha512-+GuLkz5pC7tuhB0s2mBlg2NxvRmQgh2ePTSB95rifWaVokkqh0CqEuWlwBWUUK4fCIH0kJ8Cm3jS2FunvGWUMg==",
      "requires": {
        "@types/gapi": "*"
      }
    },
    "ng-gapi": {
      "version": "0.0.73",
      "resolved": "https://registry.npmjs.org/ng-gapi/-/ng-gapi-0.0.73.tgz",
      "integrity": "sha512-IKUQ8i41+JJrGiUZnG2/+3huyxCvKH+cPSvECkvNaxt9TjdHx8IOw+1hN9zhXOeyAJutpFtMVQaY1My2R9wNxg==",
      "requires": {
        "@types/gapi": "^0.0.35",
        "@types/gapi.auth2": "^0.0.44",
        "rxjs-compat": "^6.1.0"
      }
    },
    "rxjs-compat": {
      "version": "6.5.3",
      "resolved": "https://registry.npmjs.org/rxjs-compat/-/rxjs-compat-6.5.3.tgz",
      "integrity": "sha512-BIJX2yovz3TBpjJoAZyls2QYuU6ZiCaZ+U96SmxQpuSP/qDUfiXPKOVLbThBB2WZijNHkdTTJXKRwvv5Y48H7g=="
    }
  }
}
